
Microsoft Visual Studio Solution File, Format Version 12.00
# Visual Studio Version 17
VisualStudioVersion = 17.14.36414.22
MinimumVisualStudioVersion = 10.0.40219.1
Project("{2150E333-8FDC-42A3-9474-1A3956D46DE8}") = "Task0", "Task0", "{02EA681E-C7D8-13C7-8484-4AC65E1B71E8}"
EndProject
Project("{FAE04EC0-301F-11D3-BF4B-00C04F79EFBC}") = "Tyuiu.BocharovaES.Sprint0.Task0.V0", "Tyuiu.BocharovaES.Sprint0.Task0.V0\Tyuiu.BocharovaES.Sprint0.Task0.V0.csproj", "{9E0FE8D7-9304-478A-9CAD-2088D8D5CB3D}"
EndProject
Project("{2150E333-8FDC-42A3-9474-1A3956D46DE8}") = "Task1", "Task1", "{44D422DA-DB74-4293-8D88-B28DDE9B3A6D}"
EndProject
Project("{FAE04EC0-301F-11D3-BF4B-00C04F79EFBC}") = "Tyuiu.BocharovaES.Sprint0.Task1.V0", "Tyuiu.BocharovaES.Sprint0.Task1.V0\Tyuiu.BocharovaES.Sprint0.Task1.V0.csproj", "{40AA2B67-539A-4A7B-A161-1853F1DC0D09}"
EndProject
Project("{2150E333-8FDC-42A3-9474-1A3956D46DE8}") = "Task2", "Task2", "{D2421F3B-701F-4926-BF8A-801E76EC1B6D}"
EndProject
Project("{FAE04EC0-301F-11D3-BF4B-00C04F79EFBC}") = "Tyuiu.BocharovaES.Sprint0.Task2.V0", "Tyuiu.BocharovaES.Sprint0.Task2.V0\Tyuiu.BocharovaES.Sprint0.Task2.V0.csproj", "{7D88A8F4-68D6-4F6A-8693-9F565BF67FFB}"
EndProject
Project("{FAE04EC0-301F-11D3-BF4B-00C04F79EFBC}") = "Tyuiu.BocharovaES.Sprint0.Task2.V0.Lib", "Tyuiu.BocharovaES.Sprint0.Task2.V0.Lib\Tyuiu.BocharovaES.Sprint0.Task2.V0.Lib.csproj", "{F584FE16-DE09-4740-BB05-7767C86A1CF7}"
EndProject
Project("{FAE04EC0-301F-11D3-BF4B-00C04F79EFBC}") = "Tyuiu.BocharovaES.Sprint0.Task2.V0.Test", "Tyuiu.BocharovaES.Sprint0.Task2.V0.Test\Tyuiu.BocharovaES.Sprint0.Task2.V0.Test.csproj", "{EF3FB070-BAA3-41AA-AD3A-EABE2B07023C}"
EndProject
Project("{2150E333-8FDC-42A3-9474-1A3956D46DE8}") = "Task3", "Task3", "{2B7793A1-3211-40D2-B040-6F2A43B5D314}"
EndProject
Project("{FAE04EC0-301F-11D3-BF4B-00C04F79EFBC}") = "Tyuiu.BocharovaES.Sprint0.Task3.V0", "Tyuiu.BocharovaES.Sprint0.Task3.V0\Tyuiu.BocharovaES.Sprint0.Task3.V0.csproj", "{B5BAA923-1855-4735-9C40-6F16D83FA750}"
EndProject
Project("{FAE04EC0-301F-11D3-BF4B-00C04F79EFBC}") = "Tyuiu.BocharovaES.Sprint0.Task3.V0.Lib", "Tyuiu.BocharovaES.Sprint0.Task3.V0.Lib\Tyuiu.BocharovaES.Sprint0.Task3.V0.Lib.csproj", "{E3A566B1-7517-422E-A4AA-B2BB02B8327A}"
EndProject
Project("{FAE04EC0-301F-11D3-BF4B-00C04F79EFBC}") = "Tyuiu.BocharovaES.Sprint0.Task3.V0.Test", "Tyuiu.BocharovaES.Sprint0.Task3.V0.Test\Tyuiu.BocharovaES.Sprint0.Task3.V0.Test.csproj", "{866C056F-4F6C-42FF-9BCB-B26FE447AACE}"
EndProject
Project("{2150E333-8FDC-42A3-9474-1A3956D46DE8}") = "Task4", "Task4", "{AA7C7458-EA96-40F8-8946-1C623D0779FB}"
EndProject
Project("{FAE04EC0-301F-11D3-BF4B-00C04F79EFBC}") = "Tyuiu.BocharovaES.Sprint0.Task4.V0", "Tyuiu.BocharovaES.Sprint0.Task4.V0\Tyuiu.BocharovaES.Sprint0.Task4.V0.csproj", "{164862AA-4CD2-42B6-82D3-E951934E17C0}"
EndProject
Project("{FAE04EC0-301F-11D3-BF4B-00C04F79EFBC}") = "Tyuiu.BocharovaES.Sprint0.Task4.V0.Test", "Tyuiu.BocharovaES.Sprint0.Task4.V0.Test\Tyuiu.BocharovaES.Sprint0.Task4.V0.Test.csproj", "{0A2AED01-FFF6-4C46-9890-453AAFB30E39}"
EndProject
Project("{FAE04EC0-301F-11D3-BF4B-00C04F79EFBC}") = "Tyuiu.BocharovaES.Sprint0.Task4.V0.Lib", "Tyuiu.BocharovaES.Sprint0.Task4.V0.Lib\Tyuiu.BocharovaES.Sprint0.Task4.V0.Lib.csproj", "{C388FAAB-546F-4317-94AE-2ACEA31F66FE}"
EndProject
Project("{2150E333-8FDC-42A3-9474-1A3956D46DE8}") = "Task5", "Task5", "{27FF853E-F9D7-4DD6-8FE3-10A3C9878547}"
EndProject
Project("{FAE04EC0-301F-11D3-BF4B-00C04F79EFBC}") = "Tyuiu.BocharovaES.Sprint0.Task5.V0", "Tyuiu.BocharovaES.Sprint0.Task5.V0\Tyuiu.BocharovaES.Sprint0.Task5.V0.csproj", "{A86162A0-941A-47B0-98FD-5BF66FDBECE9}"
EndProject
Project("{FAE04EC0-301F-11D3-BF4B-00C04F79EFBC}") = "Tyuiu.BocharovaES.Sprint0.Task5.V0.Lib", "Tyuiu.BocharovaES.Sprint0.Task5.V0.Lib\Tyuiu.BocharovaES.Sprint0.Task5.V0.Lib.csproj", "{E69F3B93-5813-4022-9C37-295FE8C8891B}"
EndProject
Project("{FAE04EC0-301F-11D3-BF4B-00C04F79EFBC}") = "Tyuiu.BocharovaES.Sprint0.Task5.V0.Test", "Tyuiu.BocharovaES.Sprint0.Task5.V0.Test\Tyuiu.BocharovaES.Sprint0.Task5.V0.Test.csproj", "{2B12F8B7-3457-435D-9519-DF924A1EB414}"
EndProject
Project("{2150E333-8FDC-42A3-9474-1A3956D46DE8}") = "Task6", "Task6", "{E0E9D0BF-2703-42B2-B8AC-3D74833E00C9}"
EndProject
Project("{FAE04EC0-301F-11D3-BF4B-00C04F79EFBC}") = "Tyuiu.BocharovaES.Sprint0.Task6.V0", "Tyuiu.BocharovaES.Sprint0.Task6.V0\Tyuiu.BocharovaES.Sprint0.Task6.V0.csproj", "{31F46FE7-9AEF-4681-9C67-F424059682E7}"
EndProject
Project("{FAE04EC0-301F-11D3-BF4B-00C04F79EFBC}") = "Tyuiu.BocharovaES.Sprint0.Task6.V0.Lib", "Tyuiu.BocharovaES.Sprint0.Task6.V0.Lib\Tyuiu.BocharovaES.Sprint0.Task6.V0.Lib.csproj", "{C540ABDE-77BF-4FC4-AECC-6F35F4DDC033}"
EndProject
Project("{FAE04EC0-301F-11D3-BF4B-00C04F79EFBC}") = "Tyuiu.BocharovaES.Sprint0.Task6.V0.Test", "Tyuiu.BocharovaES.Sprint0.Task6.V0.Test\Tyuiu.BocharovaES.Sprint0.Task6.V0.Test.csproj", "{72321E44-629A-43B8-8085-6C3B2CCAC7E2}"
EndProject
Project("{2150E333-8FDC-42A3-9474-1A3956D46DE8}") = "Task7", "Task7", "{AC0FA50F-8761-4922-8E41-F3AFE4F82F11}"
EndProject
Project("{FAE04EC0-301F-11D3-BF4B-00C04F79EFBC}") = "Tyuiu.BocharovaES.Sprint0.Task7.V0", "Tyuiu.BocharovaES.Sprint0.Task7.V0\Tyuiu.BocharovaES.Sprint0.Task7.V0.csproj", "{B0F9377C-C696-4EA9-9FCF-354E0B9ECEDC}"
EndProject
Project("{FAE04EC0-301F-11D3-BF4B-00C04F79EFBC}") = "Tyuiu.BocharovaES.Sprint0.Task7.V0.Lib", "Tyuiu.BocharovaES.Sprint0.Task7.V0.Lib\Tyuiu.BocharovaES.Sprint0.Task7.V0.Lib.csproj", "{173A838E-8312-46A7-8663-16E0CFB1D579}"
EndProject
Project("{FAE04EC0-301F-11D3-BF4B-00C04F79EFBC}") = "Tyuiu.BocharovaES.Sprint0.Task7.V0.Test", "Tyuiu.BocharovaES.Sprint0.Task7.V0.Test\Tyuiu.BocharovaES.Sprint0.Task7.V0.Test.csproj", "{E9D2742B-E78A-4C1E-8837-DBB7DED51E95}"
EndProject
Global
	GlobalSection(SolutionConfigurationPlatforms) = preSolution
		Debug|Any CPU = Debug|Any CPU
		Release|Any CPU = Release|Any CPU
	EndGlobalSection
	GlobalSection(ProjectConfigurationPlatforms) = postSolution
		{9E0FE8D7-9304-478A-9CAD-2088D8D5CB3D}.Debug|Any CPU.ActiveCfg = Debug|Any CPU
		{9E0FE8D7-9304-478A-9CAD-2088D8D5CB3D}.Debug|Any CPU.Build.0 = Debug|Any CPU
		{9E0FE8D7-9304-478A-9CAD-2088D8D5CB3D}.Release|Any CPU.ActiveCfg = Release|Any CPU
		{9E0FE8D7-9304-478A-9CAD-2088D8D5CB3D}.Release|Any CPU.Build.0 = Release|Any CPU
		{40AA2B67-539A-4A7B-A161-1853F1DC0D09}.Debug|Any CPU.ActiveCfg = Debug|Any CPU
		{40AA2B67-539A-4A7B-A161-1853F1DC0D09}.Debug|Any CPU.Build.0 = Debug|Any CPU
		{40AA2B67-539A-4A7B-A161-1853F1DC0D09}.Release|Any CPU.ActiveCfg = Release|Any CPU
		{40AA2B67-539A-4A7B-A161-1853F1DC0D09}.Release|Any CPU.Build.0 = Release|Any CPU
		{7D88A8F4-68D6-4F6A-8693-9F565BF67FFB}.Debug|Any CPU.ActiveCfg = Debug|Any CPU
		{7D88A8F4-68D6-4F6A-8693-9F565BF67FFB}.Debug|Any CPU.Build.0 = Debug|Any CPU
		{7D88A8F4-68D6-4F6A-8693-9F565BF67FFB}.Release|Any CPU.ActiveCfg = Release|Any CPU
		{7D88A8F4-68D6-4F6A-8693-9F565BF67FFB}.Release|Any CPU.Build.0 = Release|Any CPU
		{F584FE16-DE09-4740-BB05-7767C86A1CF7}.Debug|Any CPU.ActiveCfg = Debug|Any CPU
		{F584FE16-DE09-4740-BB05-7767C86A1CF7}.Debug|Any CPU.Build.0 = Debug|Any CPU
		{F584FE16-DE09-4740-BB05-7767C86A1CF7}.Release|Any CPU.ActiveCfg = Release|Any CPU
		{F584FE16-DE09-4740-BB05-7767C86A1CF7}.Release|Any CPU.Build.0 = Release|Any CPU
		{EF3FB070-BAA3-41AA-AD3A-EABE2B07023C}.Debug|Any CPU.ActiveCfg = Debug|Any CPU
		{EF3FB070-BAA3-41AA-AD3A-EABE2B07023C}.Debug|Any CPU.Build.0 = Debug|Any CPU
		{EF3FB070-BAA3-41AA-AD3A-EABE2B07023C}.Release|Any CPU.ActiveCfg = Release|Any CPU
		{EF3FB070-BAA3-41AA-AD3A-EABE2B07023C}.Release|Any CPU.Build.0 = Release|Any CPU
		{B5BAA923-1855-4735-9C40-6F16D83FA750}.Debug|Any CPU.ActiveCfg = Debug|Any CPU
		{B5BAA923-1855-4735-9C40-6F16D83FA750}.Debug|Any CPU.Build.0 = Debug|Any CPU
		{B5BAA923-1855-4735-9C40-6F16D83FA750}.Release|Any CPU.ActiveCfg = Release|Any CPU
		{B5BAA923-1855-4735-9C40-6F16D83FA750}.Release|Any CPU.Build.0 = Release|Any CPU
		{E3A566B1-7517-422E-A4AA-B2BB02B8327A}.Debug|Any CPU.ActiveCfg = Debug|Any CPU
		{E3A566B1-7517-422E-A4AA-B2BB02B8327A}.Debug|Any CPU.Build.0 = Debug|Any CPU
		{E3A566B1-7517-422E-A4AA-B2BB02B8327A}.Release|Any CPU.ActiveCfg = Release|Any CPU
		{E3A566B1-7517-422E-A4AA-B2BB02B8327A}.Release|Any CPU.Build.0 = Release|Any CPU
		{866C056F-4F6C-42FF-9BCB-B26FE447AACE}.Debug|Any CPU.ActiveCfg = Debug|Any CPU
		{866C056F-4F6C-42FF-9BCB-B26FE447AACE}.Debug|Any CPU.Build.0 = Debug|Any CPU
		{866C056F-4F6C-42FF-9BCB-B26FE447AACE}.Release|Any CPU.ActiveCfg = Release|Any CPU
		{866C056F-4F6C-42FF-9BCB-B26FE447AACE}.Release|Any CPU.Build.0 = Release|Any CPU
		{164862AA-4CD2-42B6-82D3-E951934E17C0}.Debug|Any CPU.ActiveCfg = Debug|Any CPU
		{164862AA-4CD2-42B6-82D3-E951934E17C0}.Debug|Any CPU.Build.0 = Debug|Any CPU
		{164862AA-4CD2-42B6-82D3-E951934E17C0}.Release|Any CPU.ActiveCfg = Release|Any CPU
		{164862AA-4CD2-42B6-82D3-E951934E17C0}.Release|Any CPU.Build.0 = Release|Any CPU
		{0A2AED01-FFF6-4C46-9890-453AAFB30E39}.Debug|Any CPU.ActiveCfg = Debug|Any CPU
		{0A2AED01-FFF6-4C46-9890-453AAFB30E39}.Debug|Any CPU.Build.0 = Debug|Any CPU
		{0A2AED01-FFF6-4C46-9890-453AAFB30E39}.Release|Any CPU.ActiveCfg = Release|Any CPU
		{0A2AED01-FFF6-4C46-9890-453AAFB30E39}.Release|Any CPU.Build.0 = Release|Any CPU
		{C388FAAB-546F-4317-94AE-2ACEA31F66FE}.Debug|Any CPU.ActiveCfg = Debug|Any CPU
		{C388FAAB-546F-4317-94AE-2ACEA31F66FE}.Debug|Any CPU.Build.0 = Debug|Any CPU
		{C388FAAB-546F-4317-94AE-2ACEA31F66FE}.Release|Any CPU.ActiveCfg = Release|Any CPU
		{C388FAAB-546F-4317-94AE-2ACEA31F66FE}.Release|Any CPU.Build.0 = Release|Any CPU
		{A86162A0-941A-47B0-98FD-5BF66FDBECE9}.Debug|Any CPU.ActiveCfg = Debug|Any CPU
		{A86162A0-941A-47B0-98FD-5BF66FDBECE9}.Debug|Any CPU.Build.0 = Debug|Any CPU
		{A86162A0-941A-47B0-98FD-5BF66FDBECE9}.Release|Any CPU.ActiveCfg = Release|Any CPU
		{A86162A0-941A-47B0-98FD-5BF66FDBECE9}.Release|Any CPU.Build.0 = Release|Any CPU
		{E69F3B93-5813-4022-9C37-295FE8C8891B}.Debug|Any CPU.ActiveCfg = Debug|Any CPU
		{E69F3B93-5813-4022-9C37-295FE8C8891B}.Debug|Any CPU.Build.0 = Debug|Any CPU
		{E69F3B93-5813-4022-9C37-295FE8C8891B}.Release|Any CPU.ActiveCfg = Release|Any CPU
		{E69F3B93-5813-4022-9C37-295FE8C8891B}.Release|Any CPU.Build.0 = Release|Any CPU
		{2B12F8B7-3457-435D-9519-DF924A1EB414}.Debug|Any CPU.ActiveCfg = Debug|Any CPU
		{2B12F8B7-3457-435D-9519-DF924A1EB414}.Debug|Any CPU.Build.0 = Debug|Any CPU
		{2B12F8B7-3457-435D-9519-DF924A1EB414}.Release|Any CPU.ActiveCfg = Release|Any CPU
		{2B12F8B7-3457-435D-9519-DF924A1EB414}.Release|Any CPU.Build.0 = Release|Any CPU
		{31F46FE7-9AEF-4681-9C67-F424059682E7}.Debug|Any CPU.ActiveCfg = Debug|Any CPU
		{31F46FE7-9AEF-4681-9C67-F424059682E7}.Debug|Any CPU.Build.0 = Debug|Any CPU
		{31F46FE7-9AEF-4681-9C67-F424059682E7}.Release|Any CPU.ActiveCfg = Release|Any CPU
		{31F46FE7-9AEF-4681-9C67-F424059682E7}.Release|Any CPU.Build.0 = Release|Any CPU
		{C540ABDE-77BF-4FC4-AECC-6F35F4DDC033}.Debug|Any CPU.ActiveCfg = Debug|Any CPU
		{C540ABDE-77BF-4FC4-AECC-6F35F4DDC033}.Debug|Any CPU.Build.0 = Debug|Any CPU
		{C540ABDE-77BF-4FC4-AECC-6F35F4DDC033}.Release|Any CPU.ActiveCfg = Release|Any CPU
		{C540ABDE-77BF-4FC4-AECC-6F35F4DDC033}.Release|Any CPU.Build.0 = Release|Any CPU
		{72321E44-629A-43B8-8085-6C3B2CCAC7E2}.Debug|Any CPU.ActiveCfg = Debug|Any CPU
		{72321E44-629A-43B8-8085-6C3B2CCAC7E2}.Debug|Any CPU.Build.0 = Debug|Any CPU
		{72321E44-629A-43B8-8085-6C3B2CCAC7E2}.Release|Any CPU.ActiveCfg = Release|Any CPU
		{72321E44-629A-43B8-8085-6C3B2CCAC7E2}.Release|Any CPU.Build.0 = Release|Any CPU
		{B0F9377C-C696-4EA9-9FCF-354E0B9ECEDC}.Debug|Any CPU.ActiveCfg = Debug|Any CPU
		{B0F9377C-C696-4EA9-9FCF-354E0B9ECEDC}.Debug|Any CPU.Build.0 = Debug|Any CPU
		{B0F9377C-C696-4EA9-9FCF-354E0B9ECEDC}.Release|Any CPU.ActiveCfg = Release|Any CPU
		{B0F9377C-C696-4EA9-9FCF-354E0B9ECEDC}.Release|Any CPU.Build.0 = Release|Any CPU
		{173A838E-8312-46A7-8663-16E0CFB1D579}.Debug|Any CPU.ActiveCfg = Debug|Any CPU
		{173A838E-8312-46A7-8663-16E0CFB1D579}.Debug|Any CPU.Build.0 = Debug|Any CPU
		{173A838E-8312-46A7-8663-16E0CFB1D579}.Release|Any CPU.ActiveCfg = Release|Any CPU
		{173A838E-8312-46A7-8663-16E0CFB1D579}.Release|Any CPU.Build.0 = Release|Any CPU
		{E9D2742B-E78A-4C1E-8837-DBB7DED51E95}.Debug|Any CPU.ActiveCfg = Debug|Any CPU
		{E9D2742B-E78A-4C1E-8837-DBB7DED51E95}.Debug|Any CPU.Build.0 = Debug|Any CPU
		{E9D2742B-E78A-4C1E-8837-DBB7DED51E95}.Release|Any CPU.ActiveCfg = Release|Any CPU
		{E9D2742B-E78A-4C1E-8837-DBB7DED51E95}.Release|Any CPU.Build.0 = Release|Any CPU
	EndGlobalSection
	GlobalSection(SolutionProperties) = preSolution
		HideSolutionNode = FALSE
	EndGlobalSection
	GlobalSection(NestedProjects) = preSolution
		{9E0FE8D7-9304-478A-9CAD-2088D8D5CB3D} = {02EA681E-C7D8-13C7-8484-4AC65E1B71E8}
		{40AA2B67-539A-4A7B-A161-1853F1DC0D09} = {44D422DA-DB74-4293-8D88-B28DDE9B3A6D}
		{7D88A8F4-68D6-4F6A-8693-9F565BF67FFB} = {D2421F3B-701F-4926-BF8A-801E76EC1B6D}
		{F584FE16-DE09-4740-BB05-7767C86A1CF7} = {D2421F3B-701F-4926-BF8A-801E76EC1B6D}
		{EF3FB070-BAA3-41AA-AD3A-EABE2B07023C} = {D2421F3B-701F-4926-BF8A-801E76EC1B6D}
		{B5BAA923-1855-4735-9C40-6F16D83FA750} = {2B7793A1-3211-40D2-B040-6F2A43B5D314}
		{E3A566B1-7517-422E-A4AA-B2BB02B8327A} = {2B7793A1-3211-40D2-B040-6F2A43B5D314}
		{866C056F-4F6C-42FF-9BCB-B26FE447AACE} = {2B7793A1-3211-40D2-B040-6F2A43B5D314}
		{164862AA-4CD2-42B6-82D3-E951934E17C0} = {AA7C7458-EA96-40F8-8946-1C623D0779FB}
		{0A2AED01-FFF6-4C46-9890-453AAFB30E39} = {AA7C7458-EA96-40F8-8946-1C623D0779FB}
		{C388FAAB-546F-4317-94AE-2ACEA31F66FE} = {AA7C7458-EA96-40F8-8946-1C623D0779FB}
		{A86162A0-941A-47B0-98FD-5BF66FDBECE9} = {27FF853E-F9D7-4DD6-8FE3-10A3C9878547}
		{E69F3B93-5813-4022-9C37-295FE8C8891B} = {27FF853E-F9D7-4DD6-8FE3-10A3C9878547}
		{2B12F8B7-3457-435D-9519-DF924A1EB414} = {27FF853E-F9D7-4DD6-8FE3-10A3C9878547}
		{31F46FE7-9AEF-4681-9C67-F424059682E7} = {E0E9D0BF-2703-42B2-B8AC-3D74833E00C9}
		{C540ABDE-77BF-4FC4-AECC-6F35F4DDC033} = {E0E9D0BF-2703-42B2-B8AC-3D74833E00C9}
		{72321E44-629A-43B8-8085-6C3B2CCAC7E2} = {E0E9D0BF-2703-42B2-B8AC-3D74833E00C9}
		{B0F9377C-C696-4EA9-9FCF-354E0B9ECEDC} = {AC0FA50F-8761-4922-8E41-F3AFE4F82F11}
		{173A838E-8312-46A7-8663-16E0CFB1D579} = {AC0FA50F-8761-4922-8E41-F3AFE4F82F11}
		{E9D2742B-E78A-4C1E-8837-DBB7DED51E95} = {AC0FA50F-8761-4922-8E41-F3AFE4F82F11}
	EndGlobalSection
	GlobalSection(ExtensibilityGlobals) = postSolution
		SolutionGuid = {6A9477D5-2289-4C15-A50D-110932D3CF1F}
	EndGlobalSection
EndGlobal
