
Microsoft Visual Studio Solution File, Format Version 12.00
# Visual Studio Version 17
VisualStudioVersion = 17.14.36414.22
MinimumVisualStudioVersion = 10.0.40219.1
Project("{2150E333-8FDC-42A3-9474-1A3956D46DE8}") = "Task0", "Task0", "{02EA681E-C7D8-13C7-8484-4AC65E1B71E8}"
EndProject
Project("{FAE04EC0-301F-11D3-BF4B-00C04F79EFBC}") = "Tyuiu.BocharovaES.Sprint0.Task0.V0", "Tyuiu.BocharovaES.Sprint0.Task0.V0\Tyuiu.BocharovaES.Sprint0.Task0.V0.csproj", "{9E0FE8D7-9304-478A-9CAD-2088D8D5CB3D}"
EndProject
Project("{2150E333-8FDC-42A3-9474-1A3956D46DE8}") = "Task1", "Task1", "{44D422DA-DB74-4293-8D88-B28DDE9B3A6D}"
EndProject
Project("{FAE04EC0-301F-11D3-BF4B-00C04F79EFBC}") = "Tyuiu.BocharovaES.Sprint0.Task1.V0", "Tyuiu.BocharovaES.Sprint0.Task1.V0\Tyuiu.BocharovaES.Sprint0.Task1.V0.csproj", "{40AA2B67-539A-4A7B-A161-1853F1DC0D09}"
EndProject
Global
	GlobalSection(SolutionConfigurationPlatforms) = preSolution
		Debug|Any CPU = Debug|Any CPU
		Release|Any CPU = Release|Any CPU
	EndGlobalSection
	GlobalSection(ProjectConfigurationPlatforms) = postSolution
		{9E0FE8D7-9304-478A-9CAD-2088D8D5CB3D}.Debug|Any CPU.ActiveCfg = Debug|Any CPU
		{9E0FE8D7-9304-478A-9CAD-2088D8D5CB3D}.Debug|Any CPU.Build.0 = Debug|Any CPU
		{9E0FE8D7-9304-478A-9CAD-2088D8D5CB3D}.Release|Any CPU.ActiveCfg = Release|Any CPU
		{9E0FE8D7-9304-478A-9CAD-2088D8D5CB3D}.Release|Any CPU.Build.0 = Release|Any CPU
		{40AA2B67-539A-4A7B-A161-1853F1DC0D09}.Debug|Any CPU.ActiveCfg = Debug|Any CPU
		{40AA2B67-539A-4A7B-A161-1853F1DC0D09}.Debug|Any CPU.Build.0 = Debug|Any CPU
		{40AA2B67-539A-4A7B-A161-1853F1DC0D09}.Release|Any CPU.ActiveCfg = Release|Any CPU
		{40AA2B67-539A-4A7B-A161-1853F1DC0D09}.Release|Any CPU.Build.0 = Release|Any CPU
	EndGlobalSection
	GlobalSection(SolutionProperties) = preSolution
		HideSolutionNode = FALSE
	EndGlobalSection
	GlobalSection(NestedProjects) = preSolution
		{9E0FE8D7-9304-478A-9CAD-2088D8D5CB3D} = {02EA681E-C7D8-13C7-8484-4AC65E1B71E8}
		{40AA2B67-539A-4A7B-A161-1853F1DC0D09} = {44D422DA-DB74-4293-8D88-B28DDE9B3A6D}
	EndGlobalSection
	GlobalSection(ExtensibilityGlobals) = postSolution
		SolutionGuid = {6A9477D5-2289-4C15-A50D-110932D3CF1F}
	EndGlobalSection
EndGlobal
